
Microsoft Visual Studio Solution File, Format Version 12.00
# Visual Studio Version 16
VisualStudioVersion = 16.0.31105.61
MinimumVisualStudioVersion = 10.0.40219.1
Project("{9A19103F-16F7-4668-BE54-9A1E7A4F7556}") = "tokaBack", "tokaBack.csproj", "{8C3E682F-5AC3-4658-9CF9-E7FC4727CCFB}"
EndProject
Global
	GlobalSection(SolutionConfigurationPlatforms) = preSolution
		Debug|Any CPU = Debug|Any CPU
		Release|Any CPU = Release|Any CPU
	EndGlobalSection
	GlobalSection(ProjectConfigurationPlatforms) = postSolution
		{8C3E682F-5AC3-4658-9CF9-E7FC4727CCFB}.Debug|Any CPU.ActiveCfg = Debug|Any CPU
		{8C3E682F-5AC3-4658-9CF9-E7FC4727CCFB}.Debug|Any CPU.Build.0 = Debug|Any CPU
		{8C3E682F-5AC3-4658-9CF9-E7FC4727CCFB}.Release|Any CPU.ActiveCfg = Release|Any CPU
		{8C3E682F-5AC3-4658-9CF9-E7FC4727CCFB}.Release|Any CPU.Build.0 = Release|Any CPU
	EndGlobalSection
	GlobalSection(SolutionProperties) = preSolution
		HideSolutionNode = FALSE
	EndGlobalSection
	GlobalSection(ExtensibilityGlobals) = postSolution
		SolutionGuid = {0E3B46A4-1D3C-47B2-8401-44B3D23E61D7}
	EndGlobalSection
EndGlobal
